{
  "name": "frdr_encryption_client",
  "lockfileVersion": 2,
  "requires": true,
  "packages": {
    "": {
      "dependencies": {
        "jquery-i18next": "^1.2.1"
      }
    },
    "node_modules/jquery-i18next": {
      "version": "1.2.1",
      "resolved": "https://registry.npmjs.org/jquery-i18next/-/jquery-i18next-1.2.1.tgz",
      "integrity": "sha512-UNcw3rgxoKjGEg4w23FEn2h3OlPJU7rPzsgDuXDBZktIzeiVbJohs9Cv9hj8oP8KNfBRKOoErL/OVxg2FaAR4g=="
    }
  },
  "dependencies": {
    "jquery-i18next": {
      "version": "1.2.1",
      "resolved": "https://registry.npmjs.org/jquery-i18next/-/jquery-i18next-1.2.1.tgz",
      "integrity": "sha512-UNcw3rgxoKjGEg4w23FEn2h3OlPJU7rPzsgDuXDBZktIzeiVbJohs9Cv9hj8oP8KNfBRKOoErL/OVxg2FaAR4g=="
    }
  }
}
